// !$*UTF8*$!
{
	archiveVersion = 1;
	classes = {
	};
	objectVersion = 46;
	objects = {

/* Begin PBXBuildFile section */
		EF6ADEE11E4E4771008BA441 /* AppDelegate.swift in Sources */ = {isa = PBXBuildFile; fileRef = EF6ADEE01E4E4771008BA441 /* AppDelegate.swift */; };
		EF6ADEE31E4E4771008BA441 /* ViewController.swift in Sources */ = {isa = PBXBuildFile; fileRef = EF6ADEE21E4E4771008BA441 /* ViewController.swift */; };
		EF6ADEE61E4E4771008BA441 /* Main.storyboard in Resources */ = {isa = PBXBuildFile; fileRef = EF6ADEE41E4E4771008BA441 /* Main.storyboard */; };
		EF6ADEE81E4E4771008BA441 /* Assets.xcassets in Resources */ = {isa = PBXBuildFile; fileRef = EF6ADEE71E4E4771008BA441 /* Assets.xcassets */; };
		EF6ADEEB1E4E4771008BA441 /* LaunchScreen.storyboard in Resources */ = {isa = PBXBuildFile; fileRef = EF6ADEE91E4E4771008BA441 /* LaunchScreen.storyboard */; };
		EF6ADEF41E4E4887008BA441 /* GameSettings.swift in Sources */ = {isa = PBXBuildFile; fileRef = EF6ADEF31E4E4887008BA441 /* GameSettings.swift */; };
		EF6ADEF61E4E5D4F008BA441 /* VDevGameViewController.swift in Sources */ = {isa = PBXBuildFile; fileRef = EF6ADEF51E4E5D4F008BA441 /* VDevGameViewController.swift */; };
		EF6ADEF81E4E622C008BA441 /* SapperGame.swift in Sources */ = {isa = PBXBuildFile; fileRef = EF6ADEF71E4E622C008BA441 /* SapperGame.swift */; };
		EF6ADEFA1E4E6313008BA441 /* GameObserverDelegate.swift in Sources */ = {isa = PBXBuildFile; fileRef = EF6ADEF91E4E6313008BA441 /* GameObserverDelegate.swift */; };
/* End PBXBuildFile section */

/* Begin PBXFileReference section */
		EF6ADEDD1E4E4771008BA441 /* Sapper.app */ = {isa = PBXFileReference; explicitFileType = wrapper.application; includeInIndex = 0; path = Sapper.app; sourceTree = BUILT_PRODUCTS_DIR; };
		EF6ADEE01E4E4771008BA441 /* AppDelegate.swift */ = {isa = PBXFileReference; lastKnownFileType = sourcecode.swift; path = AppDelegate.swift; sourceTree = "<group>"; };
		EF6ADEE21E4E4771008BA441 /* ViewController.swift */ = {isa = PBXFileReference; lastKnownFileType = sourcecode.swift; path = ViewController.swift; sourceTree = "<group>"; };
		EF6ADEE51E4E4771008BA441 /* Base */ = {isa = PBXFileReference; lastKnownFileType = file.storyboard; name = Base; path = Base.lproj/Main.storyboard; sourceTree = "<group>"; };
		EF6ADEE71E4E4771008BA441 /* Assets.xcassets */ = {isa = PBXFileReference; lastKnownFileType = folder.assetcatalog; path = Assets.xcassets; sourceTree = "<group>"; };
		EF6ADEEA1E4E4771008BA441 /* Base */ = {isa = PBXFileReference; lastKnownFileType = file.storyboard; name = Base; path = Base.lproj/LaunchScreen.storyboard; sourceTree = "<group>"; };
		EF6ADEEC1E4E4771008BA441 /* Info.plist */ = {isa = PBXFileReference; lastKnownFileType = text.plist.xml; path = Info.plist; sourceTree = "<group>"; };
		EF6ADEF31E4E4887008BA441 /* GameSettings.swift */ = {isa = PBXFileReference; fileEncoding = 4; lastKnownFileType = sourcecode.swift; path = GameSettings.swift; sourceTree = "<group>"; };
		EF6ADEF51E4E5D4F008BA441 /* VDevGameViewController.swift */ = {isa = PBXFileReference; fileEncoding = 4; lastKnownFileType = sourcecode.swift; path = VDevGameViewController.swift; sourceTree = "<group>"; };
		EF6ADEF71E4E622C008BA441 /* SapperGame.swift */ = {isa = PBXFileReference; fileEncoding = 4; lastKnownFileType = sourcecode.swift; path = SapperGame.swift; sourceTree = "<group>"; };
		EF6ADEF91E4E6313008BA441 /* GameObserverDelegate.swift */ = {isa = PBXFileReference; fileEncoding = 4; lastKnownFileType = sourcecode.swift; path = GameObserverDelegate.swift; sourceTree = "<group>"; };
/* End PBXFileReference section */

/* Begin PBXFrameworksBuildPhase section */
		EF6ADEDA1E4E4770008BA441 /* Frameworks */ = {
			isa = PBXFrameworksBuildPhase;
			buildActionMask = 2147483647;
			files = (
			);
			runOnlyForDeploymentPostprocessing = 0;
		};
/* End PBXFrameworksBuildPhase section */

/* Begin PBXGroup section */
		EF4C72411E4F9690000D8BCF /* Calc */ = {
			isa = PBXGroup;
			children = (
			);
			name = Calc;
			sourceTree = "<group>";
		};
		EF6ADED41E4E4770008BA441 = {
			isa = PBXGroup;
			children = (
				EF6ADEDF1E4E4771008BA441 /* Sapper */,
				EF6ADEDE1E4E4771008BA441 /* Products */,
			);
			sourceTree = "<group>";
		};
		EF6ADEDE1E4E4771008BA441 /* Products */ = {
			isa = PBXGroup;
			children = (
				EF6ADEDD1E4E4771008BA441 /* Sapper.app */,
			);
			name = Products;
			sourceTree = "<group>";
		};
		EF6ADEDF1E4E4771008BA441 /* Sapper */ = {
			isa = PBXGroup;
			children = (
				EF4C72411E4F9690000D8BCF /* Calc */,
				EF6ADEF21E4E47FB008BA441 /* GameLogic */,
				EF6ADEE01E4E4771008BA441 /* AppDelegate.swift */,
				EF6ADEE21E4E4771008BA441 /* ViewController.swift */,
				EF6ADEF51E4E5D4F008BA441 /* VDevGameViewController.swift */,
				EF6ADEE41E4E4771008BA441 /* Main.storyboard */,
				EF6ADEE71E4E4771008BA441 /* Assets.xcassets */,
				EF6ADEE91E4E4771008BA441 /* LaunchScreen.storyboard */,
				EF6ADEEC1E4E4771008BA441 /* Info.plist */,
			);
			path = Sapper;
			sourceTree = "<group>";
		};
		EF6ADEF21E4E47FB008BA441 /* GameLogic */ = {
			isa = PBXGroup;
			children = (
				EF6ADEF31E4E4887008BA441 /* GameSettings.swift */,
				EF6ADEF71E4E622C008BA441 /* SapperGame.swift */,
				EF6ADEF91E4E6313008BA441 /* GameObserverDelegate.swift */,
			);
			name = GameLogic;
			sourceTree = "<group>";
		};
/* End PBXGroup section */

/* Begin PBXNativeTarget section */
		EF6ADEDC1E4E4770008BA441 /* Sapper */ = {
			isa = PBXNativeTarget;
			buildConfigurationList = EF6ADEEF1E4E4771008BA441 /* Build configuration list for PBXNativeTarget "Sapper" */;
			buildPhases = (
				EF6ADED91E4E4770008BA441 /* Sources */,
				EF6ADEDA1E4E4770008BA441 /* Frameworks */,
				EF6ADEDB1E4E4770008BA441 /* Resources */,
			);
			buildRules = (
			);
			dependencies = (
			);
			name = Sapper;
			productName = Sapper;
			productReference = EF6ADEDD1E4E4771008BA441 /* Sapper.app */;
			productType = "com.apple.product-type.application";
		};
/* End PBXNativeTarget section */

/* Begin PBXProject section */
		EF6ADED51E4E4770008BA441 /* Project object */ = {
			isa = PBXProject;
			attributes = {
				CLASSPREFIX = VDev;
				LastSwiftUpdateCheck = 0800;
				LastUpgradeCheck = 0800;
				ORGANIZATIONNAME = VladislavGushin;
				TargetAttributes = {
					EF6ADEDC1E4E4770008BA441 = {
						CreatedOnToolsVersion = 8.0;
						ProvisioningStyle = Automatic;
					};
				};
			};
			buildConfigurationList = EF6ADED81E4E4770008BA441 /* Build configuration list for PBXProject "Sapper" */;
			compatibilityVersion = "Xcode 3.2";
			developmentRegion = English;
			hasScannedForEncodings = 0;
			knownRegions = (
				en,
				Base,
			);
			mainGroup = EF6ADED41E4E4770008BA441;
			productRefGroup = EF6ADEDE1E4E4771008BA441 /* Products */;
			projectDirPath = "";
			projectRoot = "";
			targets = (
				EF6ADEDC1E4E4770008BA441 /* Sapper */,
			);
		};
/* End PBXProject section */

/* Begin PBXResourcesBuildPhase section */
		EF6ADEDB1E4E4770008BA441 /* Resources */ = {
			isa = PBXResourcesBuildPhase;
			buildActionMask = 2147483647;
			files = (
				EF6ADEEB1E4E4771008BA441 /* LaunchScreen.storyboard in Resources */,
				EF6ADEE81E4E4771008BA441 /* Assets.xcassets in Resources */,
				EF6ADEE61E4E4771008BA441 /* Main.storyboard in Resources */,
			);
			runOnlyForDeploymentPostprocessing = 0;
		};
/* End PBXResourcesBuildPhase section */

/* Begin PBXSourcesBuildPhase section */
		EF6ADED91E4E4770008BA441 /* Sources */ = {
			isa = PBXSourcesBuildPhase;
			buildActionMask = 2147483647;
			files = (
				EF6ADEE31E4E4771008BA441 /* ViewController.swift in Sources */,
				EF6ADEF61E4E5D4F008BA441 /* VDevGameViewController.swift in Sources */,
				EF6ADEFA1E4E6313008BA441 /* GameObserverDelegate.swift in Sources */,
				EF6ADEE11E4E4771008BA441 /* AppDelegate.swift in Sources */,
				EF6ADEF41E4E4887008BA441 /* GameSettings.swift in Sources */,
				EF6ADEF81E4E622C008BA441 /* SapperGame.swift in Sources */,
			);
			runOnlyForDeploymentPostprocessing = 0;
		};
/* End PBXSourcesBuildPhase section */

/* Begin PBXVariantGroup section */
		EF6ADEE41E4E4771008BA441 /* Main.storyboard */ = {
			isa = PBXVariantGroup;
			children = (
				EF6ADEE51E4E4771008BA441 /* Base */,
			);
			name = Main.storyboard;
			sourceTree = "<group>";
		};
		EF6ADEE91E4E4771008BA441 /* LaunchScreen.storyboard */ = {
			isa = PBXVariantGroup;
			children = (
				EF6ADEEA1E4E4771008BA441 /* Base */,
			);
			name = LaunchScreen.storyboard;
			sourceTree = "<group>";
		};
/* End PBXVariantGroup section */

/* Begin XCBuildConfiguration section */
		EF6ADEED1E4E4771008BA441 /* Debug */ = {
			isa = XCBuildConfiguration;
			buildSettings = {
				ALWAYS_SEARCH_USER_PATHS = NO;
				CLANG_ANALYZER_NONNULL = YES;
				CLANG_CXX_LANGUAGE_STANDARD = "gnu++0x";
				CLANG_CXX_LIBRARY = "libc++";
				CLANG_ENABLE_MODULES = YES;
				CLANG_ENABLE_OBJC_ARC = YES;
				CLANG_WARN_BOOL_CONVERSION = YES;
				CLANG_WARN_CONSTANT_CONVERSION = YES;
				CLANG_WARN_DIRECT_OBJC_ISA_USAGE = YES_ERROR;
				CLANG_WARN_DOCUMENTATION_COMMENTS = YES;
				CLANG_WARN_EMPTY_BODY = YES;
				CLANG_WARN_ENUM_CONVERSION = YES;
				CLANG_WARN_INFINITE_RECURSION = YES;
				CLANG_WARN_INT_CONVERSION = YES;
				CLANG_WARN_OBJC_ROOT_CLASS = YES_ERROR;
				CLANG_WARN_SUSPICIOUS_MOVES = YES;
				CLANG_WARN_UNREACHABLE_CODE = YES;
				CLANG_WARN__DUPLICATE_METHOD_MATCH = YES;
				"CODE_SIGN_IDENTITY[sdk=iphoneos*]" = "iPhone Developer";
				COPY_PHASE_STRIP = NO;
				DEBUG_INFORMATION_FORMAT = dwarf;
				ENABLE_STRICT_OBJC_MSGSEND = YES;
				ENABLE_TESTABILITY = YES;
				GCC_C_LANGUAGE_STANDARD = gnu99;
				GCC_DYNAMIC_NO_PIC = NO;
				GCC_NO_COMMON_BLOCKS = YES;
				GCC_OPTIMIZATION_LEVEL = 0;
				GCC_PREPROCESSOR_DEFINITIONS = (
					"DEBUG=1",
					"$(inherited)",
				);
				GCC_WARN_64_TO_32_BIT_CONVERSION = YES;
				GCC_WARN_ABOUT_RETURN_TYPE = YES_ERROR;
				GCC_WARN_UNDECLARED_SELECTOR = YES;
				GCC_WARN_UNINITIALIZED_AUTOS = YES_AGGRESSIVE;
				GCC_WARN_UNUSED_FUNCTION = YES;
				GCC_WARN_UNUSED_VARIABLE = YES;
				IPHONEOS_DEPLOYMENT_TARGET = 10.0;
				MTL_ENABLE_DEBUG_INFO = YES;
				ONLY_ACTIVE_ARCH = YES;
				SDKROOT = iphoneos;
				SWIFT_ACTIVE_COMPILATION_CONDITIONS = DEBUG;
				SWIFT_OPTIMIZATION_LEVEL = "-Onone";
			};
			name = Debug;
		};
		EF6ADEEE1E4E4771008BA441 /* Release */ = {
			isa = XCBuildConfiguration;
			buildSettings = {
				ALWAYS_SEARCH_USER_PATHS = NO;
				CLANG_ANALYZER_NONNULL = YES;
				CLANG_CXX_LANGUAGE_STANDARD = "gnu++0x";
				CLANG_CXX_LIBRARY = "libc++";
				CLANG_ENABLE_MODULES = YES;
				CLANG_ENABLE_OBJC_ARC = YES;
				CLANG_WARN_BOOL_CONVERSION = YES;
				CLANG_WARN_CONSTANT_CONVERSION = YES;
				CLANG_WARN_DIRECT_OBJC_ISA_USAGE = YES_ERROR;
				CLANG_WARN_DOCUMENTATION_COMMENTS = YES;
				CLANG_WARN_EMPTY_BODY = YES;
				CLANG_WARN_ENUM_CONVERSION = YES;
				CLANG_WARN_INFINITE_RECURSION = YES;
				CLANG_WARN_INT_CONVERSION = YES;
				CLANG_WARN_OBJC_ROOT_CLASS = YES_ERROR;
				CLANG_WARN_SUSPICIOUS_MOVES = YES;
				CLANG_WARN_UNREACHABLE_CODE = YES;
				CLANG_WARN__DUPLICATE_METHOD_MATCH = YES;
				"CODE_SIGN_IDENTITY[sdk=iphoneos*]" = "iPhone Developer";
				COPY_PHASE_STRIP = NO;
				DEBUG_INFORMATION_FORMAT = "dwarf-with-dsym";
				ENABLE_NS_ASSERTIONS = NO;
				ENABLE_STRICT_OBJC_MSGSEND = YES;
				GCC_C_LANGUAGE_STANDARD = gnu99;
				GCC_NO_COMMON_BLOCKS = YES;
				GCC_WARN_64_TO_32_BIT_CONVERSION = YES;
				GCC_WARN_ABOUT_RETURN_TYPE = YES_ERROR;
				GCC_WARN_UNDECLARED_SELECTOR = YES;
				GCC_WARN_UNINITIALIZED_AUTOS = YES_AGGRESSIVE;
				GCC_WARN_UNUSED_FUNCTION = YES;
				GCC_WARN_UNUSED_VARIABLE = YES;
				IPHONEOS_DEPLOYMENT_TARGET = 10.0;
				MTL_ENABLE_DEBUG_INFO = NO;
				SDKROOT = iphoneos;
				SWIFT_OPTIMIZATION_LEVEL = "-Owholemodule";
				VALIDATE_PRODUCT = YES;
			};
			name = Release;
		};
		EF6ADEF01E4E4771008BA441 /* Debug */ = {
			isa = XCBuildConfiguration;
			buildSettings = {
				ASSETCATALOG_COMPILER_APPICON_NAME = AppIcon;
				INFOPLIST_FILE = Sapper/Info.plist;
				LD_RUNPATH_SEARCH_PATHS = "$(inherited) @executable_path/Frameworks";
				PRODUCT_BUNDLE_IDENTIFIER = com.vdevapple.Sapper;
				PRODUCT_NAME = "$(TARGET_NAME)";
				SWIFT_VERSION = 3.0;
			};
			name = Debug;
		};
		EF6ADEF11E4E4771008BA441 /* Release */ = {
			isa = XCBuildConfiguration;
			buildSettings = {
				ASSETCATALOG_COMPILER_APPICON_NAME = AppIcon;
				INFOPLIST_FILE = Sapper/Info.plist;
				LD_RUNPATH_SEARCH_PATHS = "$(inherited) @executable_path/Frameworks";
				PRODUCT_BUNDLE_IDENTIFIER = com.vdevapple.Sapper;
				PRODUCT_NAME = "$(TARGET_NAME)";
				SWIFT_VERSION = 3.0;
			};
			name = Release;
		};
/* End XCBuildConfiguration section */

/* Begin XCConfigurationList section */
		EF6ADED81E4E4770008BA441 /* Build configuration list for PBXProject "Sapper" */ = {
			isa = XCConfigurationList;
			buildConfigurations = (
				EF6ADEED1E4E4771008BA441 /* Debug */,
				EF6ADEEE1E4E4771008BA441 /* Release */,
			);
			defaultConfigurationIsVisible = 0;
			defaultConfigurationName = Release;
		};
		EF6ADEEF1E4E4771008BA441 /* Build configuration list for PBXNativeTarget "Sapper" */ = {
			isa = XCConfigurationList;
			buildConfigurations = (
				EF6ADEF01E4E4771008BA441 /* Debug */,
				EF6ADEF11E4E4771008BA441 /* Release */,
			);
			defaultConfigurationIsVisible = 0;
			defaultConfigurationName = Release;
		};
/* End XCConfigurationList section */
	};
	rootObject = EF6ADED51E4E4770008BA441 /* Project object */;
}
